
Microsoft Visual Studio Solution File, Format Version 12.00
# Visual Studio 15
VisualStudioVersion = 15.0.28307.168
MinimumVisualStudioVersion = 10.0.40219.1
Project("{FAE04EC0-301F-11D3-BF4B-00C04F79EFBC}") = "RegistroUsuarioTarea_4", "RegistroUsuarioTarea_4\RegistroUsuarioTarea_4.csproj", "{CEFF3EDA-DBDE-4E1E-A552-860FD366B9F0}"
EndProject
Project("{FAE04EC0-301F-11D3-BF4B-00C04F79EFBC}") = "Entities", "Entities\Entities.csproj", "{9FED3A8F-617D-44B0-B142-E11DF5F4B572}"
EndProject
Project("{FAE04EC0-301F-11D3-BF4B-00C04F79EFBC}") = "BLL", "BLL\BLL.csproj", "{72F067E9-F481-4FC9-B078-F0286B86371F}"
EndProject
Project("{FAE04EC0-301F-11D3-BF4B-00C04F79EFBC}") = "DAL", "DAL\DAL.csproj", "{6FD64C95-2B00-4A2F-8D5F-57795B39E3DD}"
EndProject
Global
	GlobalSection(SolutionConfigurationPlatforms) = preSolution
		Debug|Any CPU = Debug|Any CPU
		Release|Any CPU = Release|Any CPU
	EndGlobalSection
	GlobalSection(ProjectConfigurationPlatforms) = postSolution
		{CEFF3EDA-DBDE-4E1E-A552-860FD366B9F0}.Debug|Any CPU.ActiveCfg = Debug|Any CPU
		{CEFF3EDA-DBDE-4E1E-A552-860FD366B9F0}.Debug|Any CPU.Build.0 = Debug|Any CPU
		{CEFF3EDA-DBDE-4E1E-A552-860FD366B9F0}.Release|Any CPU.ActiveCfg = Release|Any CPU
		{CEFF3EDA-DBDE-4E1E-A552-860FD366B9F0}.Release|Any CPU.Build.0 = Release|Any CPU
		{9FED3A8F-617D-44B0-B142-E11DF5F4B572}.Debug|Any CPU.ActiveCfg = Debug|Any CPU
		{9FED3A8F-617D-44B0-B142-E11DF5F4B572}.Debug|Any CPU.Build.0 = Debug|Any CPU
		{9FED3A8F-617D-44B0-B142-E11DF5F4B572}.Release|Any CPU.ActiveCfg = Release|Any CPU
		{9FED3A8F-617D-44B0-B142-E11DF5F4B572}.Release|Any CPU.Build.0 = Release|Any CPU
		{72F067E9-F481-4FC9-B078-F0286B86371F}.Debug|Any CPU.ActiveCfg = Debug|Any CPU
		{72F067E9-F481-4FC9-B078-F0286B86371F}.Debug|Any CPU.Build.0 = Debug|Any CPU
		{72F067E9-F481-4FC9-B078-F0286B86371F}.Release|Any CPU.ActiveCfg = Release|Any CPU
		{72F067E9-F481-4FC9-B078-F0286B86371F}.Release|Any CPU.Build.0 = Release|Any CPU
		{6FD64C95-2B00-4A2F-8D5F-57795B39E3DD}.Debug|Any CPU.ActiveCfg = Debug|Any CPU
		{6FD64C95-2B00-4A2F-8D5F-57795B39E3DD}.Debug|Any CPU.Build.0 = Debug|Any CPU
		{6FD64C95-2B00-4A2F-8D5F-57795B39E3DD}.Release|Any CPU.ActiveCfg = Release|Any CPU
		{6FD64C95-2B00-4A2F-8D5F-57795B39E3DD}.Release|Any CPU.Build.0 = Release|Any CPU
	EndGlobalSection
	GlobalSection(SolutionProperties) = preSolution
		HideSolutionNode = FALSE
	EndGlobalSection
	GlobalSection(ExtensibilityGlobals) = postSolution
		SolutionGuid = {25A455B6-10FA-4FB9-BB40-77CA5DEF3759}
	EndGlobalSection
EndGlobal
